// !$*UTF8*$!
{
	archiveVersion = 1;
	classes = {
	};
	objectVersion = 52;
	objects = {

/* Begin PBXBuildFile section */
		9797C73E25D175F900B80C1F /* Animation.swift in Sources */ = {isa = PBXBuildFile; fileRef = 9797C73D25D175F900B80C1F /* Animation.swift */; };
		9797C76425D179FC00B80C1F /* Standings.swift in Sources */ = {isa = PBXBuildFile; fileRef = 9797C76325D179FC00B80C1F /* Standings.swift */; };
		9797C76725D17A2800B80C1F /* Team.swift in Sources */ = {isa = PBXBuildFile; fileRef = 9797C76625D17A2800B80C1F /* Team.swift */; };
		9797C76B25D17CDF00B80C1F /* TB.swift in Sources */ = {isa = PBXBuildFile; fileRef = 9797C76A25D17CDF00B80C1F /* TB.swift */; };
		9797C76E25D17D0300B80C1F /* BlurView.swift in Sources */ = {isa = PBXBuildFile; fileRef = 9797C76D25D17D0300B80C1F /* BlurView.swift */; };
		9797C77525D182FE00B80C1F /* MyToggle.swift in Sources */ = {isa = PBXBuildFile; fileRef = 9797C77425D182FE00B80C1F /* MyToggle.swift */; };
		97A2351A25D2930200435B57 /* FEs.swift in Sources */ = {isa = PBXBuildFile; fileRef = 97A2351925D2930200435B57 /* FEs.swift */; };
		97A2352425D2A00B00435B57 /* FEFuncs.swift in Sources */ = {isa = PBXBuildFile; fileRef = 97A2352325D2A00B00435B57 /* FEFuncs.swift */; };
		97A2352B25D2A0E000435B57 /* Main.swift in Sources */ = {isa = PBXBuildFile; fileRef = 97A2352A25D2A0E000435B57 /* Main.swift */; };
		97BBC8AA25D1256E002CDE6F /* myAppApp.swift in Sources */ = {isa = PBXBuildFile; fileRef = 97BBC8A925D1256E002CDE6F /* myAppApp.swift */; };
		97BBC8AC25D1256E002CDE6F /* Home.swift in Sources */ = {isa = PBXBuildFile; fileRef = 97BBC8AB25D1256E002CDE6F /* Home.swift */; };
		97BBC8AE25D12576002CDE6F /* Assets.xcassets in Resources */ = {isa = PBXBuildFile; fileRef = 97BBC8AD25D12576002CDE6F /* Assets.xcassets */; };
		97BBC8B125D12576002CDE6F /* Preview Assets.xcassets in Resources */ = {isa = PBXBuildFile; fileRef = 97BBC8B025D12576002CDE6F /* Preview Assets.xcassets */; };
		97BBC8BC25D12BDF002CDE6F /* Login.swift in Sources */ = {isa = PBXBuildFile; fileRef = 97BBC8BB25D12BDF002CDE6F /* Login.swift */; };
		97BBC8BF25D12C0D002CDE6F /* Register.swift in Sources */ = {isa = PBXBuildFile; fileRef = 97BBC8BE25D12C0D002CDE6F /* Register.swift */; };
		97BBC8C625D12DAC002CDE6F /* Game.swift in Sources */ = {isa = PBXBuildFile; fileRef = 97BBC8C525D12DAC002CDE6F /* Game.swift */; };
		97BBC8CB25D13070002CDE6F /* SDWebImageSwiftUI in Frameworks */ = {isa = PBXBuildFile; productRef = 97BBC8CA25D13070002CDE6F /* SDWebImageSwiftUI */; };
		97D1E14125D286AC00944DEA /* TBandTGL.swift in Sources */ = {isa = PBXBuildFile; fileRef = 97D1E14025D286AC00944DEA /* TBandTGL.swift */; };
/* End PBXBuildFile section */

/* Begin PBXFileReference section */
		9797C73D25D175F900B80C1F /* Animation.swift */ = {isa = PBXFileReference; lastKnownFileType = sourcecode.swift; path = Animation.swift; sourceTree = "<group>"; };
		9797C76325D179FC00B80C1F /* Standings.swift */ = {isa = PBXFileReference; lastKnownFileType = sourcecode.swift; path = Standings.swift; sourceTree = "<group>"; };
		9797C76625D17A2800B80C1F /* Team.swift */ = {isa = PBXFileReference; lastKnownFileType = sourcecode.swift; path = Team.swift; sourceTree = "<group>"; };
		9797C76A25D17CDF00B80C1F /* TB.swift */ = {isa = PBXFileReference; lastKnownFileType = sourcecode.swift; path = TB.swift; sourceTree = "<group>"; };
		9797C76D25D17D0300B80C1F /* BlurView.swift */ = {isa = PBXFileReference; fileEncoding = 4; lastKnownFileType = sourcecode.swift; path = BlurView.swift; sourceTree = "<group>"; };
		9797C77425D182FE00B80C1F /* MyToggle.swift */ = {isa = PBXFileReference; lastKnownFileType = sourcecode.swift; path = MyToggle.swift; sourceTree = "<group>"; };
		97A2351925D2930200435B57 /* FEs.swift */ = {isa = PBXFileReference; lastKnownFileType = sourcecode.swift; path = FEs.swift; sourceTree = "<group>"; };
		97A2352325D2A00B00435B57 /* FEFuncs.swift */ = {isa = PBXFileReference; lastKnownFileType = sourcecode.swift; path = FEFuncs.swift; sourceTree = "<group>"; };
		97A2352A25D2A0E000435B57 /* Main.swift */ = {isa = PBXFileReference; lastKnownFileType = sourcecode.swift; path = Main.swift; sourceTree = "<group>"; };
		97BBC8A625D1256E002CDE6F /* myApp.app */ = {isa = PBXFileReference; explicitFileType = wrapper.application; includeInIndex = 0; path = myApp.app; sourceTree = BUILT_PRODUCTS_DIR; };
		97BBC8A925D1256E002CDE6F /* myAppApp.swift */ = {isa = PBXFileReference; lastKnownFileType = sourcecode.swift; path = myAppApp.swift; sourceTree = "<group>"; };
		97BBC8AB25D1256E002CDE6F /* Home.swift */ = {isa = PBXFileReference; lastKnownFileType = sourcecode.swift; path = Home.swift; sourceTree = "<group>"; };
		97BBC8AD25D12576002CDE6F /* Assets.xcassets */ = {isa = PBXFileReference; lastKnownFileType = folder.assetcatalog; path = Assets.xcassets; sourceTree = "<group>"; };
		97BBC8B025D12576002CDE6F /* Preview Assets.xcassets */ = {isa = PBXFileReference; lastKnownFileType = folder.assetcatalog; path = "Preview Assets.xcassets"; sourceTree = "<group>"; };
		97BBC8B225D12576002CDE6F /* Info.plist */ = {isa = PBXFileReference; lastKnownFileType = text.plist.xml; path = Info.plist; sourceTree = "<group>"; };
		97BBC8BB25D12BDF002CDE6F /* Login.swift */ = {isa = PBXFileReference; lastKnownFileType = sourcecode.swift; path = Login.swift; sourceTree = "<group>"; };
		97BBC8BE25D12C0D002CDE6F /* Register.swift */ = {isa = PBXFileReference; lastKnownFileType = sourcecode.swift; path = Register.swift; sourceTree = "<group>"; };
		97BBC8C525D12DAC002CDE6F /* Game.swift */ = {isa = PBXFileReference; lastKnownFileType = sourcecode.swift; path = Game.swift; sourceTree = "<group>"; };
		97D1E14025D286AC00944DEA /* TBandTGL.swift */ = {isa = PBXFileReference; lastKnownFileType = sourcecode.swift; path = TBandTGL.swift; sourceTree = "<group>"; };
/* End PBXFileReference section */

/* Begin PBXFrameworksBuildPhase section */
		97BBC8A325D1256E002CDE6F /* Frameworks */ = {
			isa = PBXFrameworksBuildPhase;
			buildActionMask = 2147483647;
			files = (
				97BBC8CB25D13070002CDE6F /* SDWebImageSwiftUI in Frameworks */,
			);
			runOnlyForDeploymentPostprocessing = 0;
		};
/* End PBXFrameworksBuildPhase section */

/* Begin PBXGroup section */
		9797C73C25D1757A00B80C1F /* MainView */ = {
			isa = PBXGroup;
			children = (
				97A2352A25D2A0E000435B57 /* Main.swift */,
				9797C77425D182FE00B80C1F /* MyToggle.swift */,
				97D1E14025D286AC00944DEA /* TBandTGL.swift */,
				97A2351925D2930200435B57 /* FEs.swift */,
			);
			path = MainView;
			sourceTree = "<group>";
		};
		97A2351D25D29F8100435B57 /* functions */ = {
			isa = PBXGroup;
			children = (
				97A2352325D2A00B00435B57 /* FEFuncs.swift */,
			);
			path = functions;
			sourceTree = "<group>";
		};
		97A2352225D29FCC00435B57 /* more */ = {
			isa = PBXGroup;
			children = (
				9797C73D25D175F900B80C1F /* Animation.swift */,
				9797C76D25D17D0300B80C1F /* BlurView.swift */,
				9797C76A25D17CDF00B80C1F /* TB.swift */,
			);
			path = more;
			sourceTree = "<group>";
		};
		97A2352625D2A08C00435B57 /* Views */ = {
			isa = PBXGroup;
			children = (
				97BBC8AB25D1256E002CDE6F /* Home.swift */,
				97BBC8BB25D12BDF002CDE6F /* Login.swift */,
				97BBC8BE25D12C0D002CDE6F /* Register.swift */,
				9797C76325D179FC00B80C1F /* Standings.swift */,
				9797C73C25D1757A00B80C1F /* MainView */,
			);
			path = Views;
			sourceTree = "<group>";
		};
		97BBC89D25D1256E002CDE6F = {
			isa = PBXGroup;
			children = (
				97BBC8A825D1256E002CDE6F /* myApp */,
				97BBC8A725D1256E002CDE6F /* Products */,
			);
			sourceTree = "<group>";
		};
		97BBC8A725D1256E002CDE6F /* Products */ = {
			isa = PBXGroup;
			children = (
				97BBC8A625D1256E002CDE6F /* myApp.app */,
			);
			name = Products;
			sourceTree = "<group>";
		};
		97BBC8A825D1256E002CDE6F /* myApp */ = {
			isa = PBXGroup;
			children = (
				97A2352625D2A08C00435B57 /* Views */,
				97A2351D25D29F8100435B57 /* functions */,
				97BBC8C425D12D9D002CDE6F /* Models */,
				97A2352225D29FCC00435B57 /* more */,
				97BBC8AD25D12576002CDE6F /* Assets.xcassets */,
				97BBC8B225D12576002CDE6F /* Info.plist */,
				97BBC8A925D1256E002CDE6F /* myAppApp.swift */,
				97BBC8AF25D12576002CDE6F /* Preview Content */,
			);
			path = myApp;
			sourceTree = "<group>";
		};
		97BBC8AF25D12576002CDE6F /* Preview Content */ = {
			isa = PBXGroup;
			children = (
				97BBC8B025D12576002CDE6F /* Preview Assets.xcassets */,
			);
			path = "Preview Content";
			sourceTree = "<group>";
		};
		97BBC8C425D12D9D002CDE6F /* Models */ = {
			isa = PBXGroup;
			children = (
				97BBC8C525D12DAC002CDE6F /* Game.swift */,
				9797C76625D17A2800B80C1F /* Team.swift */,
			);
			path = Models;
			sourceTree = "<group>";
		};
/* End PBXGroup section */

/* Begin PBXNativeTarget section */
		97BBC8A525D1256E002CDE6F /* myApp */ = {
			isa = PBXNativeTarget;
			buildConfigurationList = 97BBC8B525D12576002CDE6F /* Build configuration list for PBXNativeTarget "myApp" */;
			buildPhases = (
				97BBC8A225D1256E002CDE6F /* Sources */,
				97BBC8A325D1256E002CDE6F /* Frameworks */,
				97BBC8A425D1256E002CDE6F /* Resources */,
			);
			buildRules = (
			);
			dependencies = (
			);
			name = myApp;
			packageProductDependencies = (
				97BBC8CA25D13070002CDE6F /* SDWebImageSwiftUI */,
			);
			productName = myApp;
			productReference = 97BBC8A625D1256E002CDE6F /* myApp.app */;
			productType = "com.apple.product-type.application";
		};
/* End PBXNativeTarget section */

/* Begin PBXProject section */
		97BBC89E25D1256E002CDE6F /* Project object */ = {
			isa = PBXProject;
			attributes = {
				LastSwiftUpdateCheck = 1240;
				LastUpgradeCheck = 1240;
				TargetAttributes = {
					97BBC8A525D1256E002CDE6F = {
						CreatedOnToolsVersion = 12.4;
					};
				};
			};
			buildConfigurationList = 97BBC8A125D1256E002CDE6F /* Build configuration list for PBXProject "myApp" */;
			compatibilityVersion = "Xcode 9.3";
			developmentRegion = en;
			hasScannedForEncodings = 0;
			knownRegions = (
				en,
				Base,
			);
			mainGroup = 97BBC89D25D1256E002CDE6F;
			packageReferences = (
				97BBC8C925D13070002CDE6F /* XCRemoteSwiftPackageReference "SDWebImageSwiftUI" */,
			);
			productRefGroup = 97BBC8A725D1256E002CDE6F /* Products */;
			projectDirPath = "";
			projectRoot = "";
			targets = (
				97BBC8A525D1256E002CDE6F /* myApp */,
			);
		};
/* End PBXProject section */

/* Begin PBXResourcesBuildPhase section */
		97BBC8A425D1256E002CDE6F /* Resources */ = {
			isa = PBXResourcesBuildPhase;
			buildActionMask = 2147483647;
			files = (
				97BBC8B125D12576002CDE6F /* Preview Assets.xcassets in Resources */,
				97BBC8AE25D12576002CDE6F /* Assets.xcassets in Resources */,
			);
			runOnlyForDeploymentPostprocessing = 0;
		};
/* End PBXResourcesBuildPhase section */

/* Begin PBXSourcesBuildPhase section */
		97BBC8A225D1256E002CDE6F /* Sources */ = {
			isa = PBXSourcesBuildPhase;
			buildActionMask = 2147483647;
			files = (
				97A2352B25D2A0E000435B57 /* Main.swift in Sources */,
				9797C76725D17A2800B80C1F /* Team.swift in Sources */,
				97A2352425D2A00B00435B57 /* FEFuncs.swift in Sources */,
				97A2351A25D2930200435B57 /* FEs.swift in Sources */,
				97D1E14125D286AC00944DEA /* TBandTGL.swift in Sources */,
				9797C77525D182FE00B80C1F /* MyToggle.swift in Sources */,
				97BBC8C625D12DAC002CDE6F /* Game.swift in Sources */,
				9797C76B25D17CDF00B80C1F /* TB.swift in Sources */,
				9797C76E25D17D0300B80C1F /* BlurView.swift in Sources */,
				97BBC8BC25D12BDF002CDE6F /* Login.swift in Sources */,
				97BBC8AC25D1256E002CDE6F /* Home.swift in Sources */,
				97BBC8BF25D12C0D002CDE6F /* Register.swift in Sources */,
				9797C76425D179FC00B80C1F /* Standings.swift in Sources */,
				9797C73E25D175F900B80C1F /* Animation.swift in Sources */,
				97BBC8AA25D1256E002CDE6F /* myAppApp.swift in Sources */,
			);
			runOnlyForDeploymentPostprocessing = 0;
		};
/* End PBXSourcesBuildPhase section */

/* Begin XCBuildConfiguration section */
		97BBC8B325D12576002CDE6F /* Debug */ = {
			isa = XCBuildConfiguration;
			buildSettings = {
				ALWAYS_SEARCH_USER_PATHS = NO;
				CLANG_ANALYZER_NONNULL = YES;
				CLANG_ANALYZER_NUMBER_OBJECT_CONVERSION = YES_AGGRESSIVE;
				CLANG_CXX_LANGUAGE_STANDARD = "gnu++14";
				CLANG_CXX_LIBRARY = "libc++";
				CLANG_ENABLE_MODULES = YES;
				CLANG_ENABLE_OBJC_ARC = YES;
				CLANG_ENABLE_OBJC_WEAK = YES;
				CLANG_WARN_BLOCK_CAPTURE_AUTORELEASING = YES;
				CLANG_WARN_BOOL_CONVERSION = YES;
				CLANG_WARN_COMMA = YES;
				CLANG_WARN_CONSTANT_CONVERSION = YES;
				CLANG_WARN_DEPRECATED_OBJC_IMPLEMENTATIONS = YES;
				CLANG_WARN_DIRECT_OBJC_ISA_USAGE = YES_ERROR;
				CLANG_WARN_DOCUMENTATION_COMMENTS = YES;
				CLANG_WARN_EMPTY_BODY = YES;
				CLANG_WARN_ENUM_CONVERSION = YES;
				CLANG_WARN_INFINITE_RECURSION = YES;
				CLANG_WARN_INT_CONVERSION = YES;
				CLANG_WARN_NON_LITERAL_NULL_CONVERSION = YES;
				CLANG_WARN_OBJC_IMPLICIT_RETAIN_SELF = YES;
				CLANG_WARN_OBJC_LITERAL_CONVERSION = YES;
				CLANG_WARN_OBJC_ROOT_CLASS = YES_ERROR;
				CLANG_WARN_QUOTED_INCLUDE_IN_FRAMEWORK_HEADER = YES;
				CLANG_WARN_RANGE_LOOP_ANALYSIS = YES;
				CLANG_WARN_STRICT_PROTOTYPES = YES;
				CLANG_WARN_SUSPICIOUS_MOVE = YES;
				CLANG_WARN_UNGUARDED_AVAILABILITY = YES_AGGRESSIVE;
				CLANG_WARN_UNREACHABLE_CODE = YES;
				CLANG_WARN__DUPLICATE_METHOD_MATCH = YES;
				COPY_PHASE_STRIP = NO;
				DEBUG_INFORMATION_FORMAT = dwarf;
				ENABLE_STRICT_OBJC_MSGSEND = YES;
				ENABLE_TESTABILITY = YES;
				GCC_C_LANGUAGE_STANDARD = gnu11;
				GCC_DYNAMIC_NO_PIC = NO;
				GCC_NO_COMMON_BLOCKS = YES;
				GCC_OPTIMIZATION_LEVEL = 0;
				GCC_PREPROCESSOR_DEFINITIONS = (
					"DEBUG=1",
					"$(inherited)",
				);
				GCC_WARN_64_TO_32_BIT_CONVERSION = YES;
				GCC_WARN_ABOUT_RETURN_TYPE = YES_ERROR;
				GCC_WARN_UNDECLARED_SELECTOR = YES;
				GCC_WARN_UNINITIALIZED_AUTOS = YES_AGGRESSIVE;
				GCC_WARN_UNUSED_FUNCTION = YES;
				GCC_WARN_UNUSED_VARIABLE = YES;
				IPHONEOS_DEPLOYMENT_TARGET = 14.4;
				MTL_ENABLE_DEBUG_INFO = INCLUDE_SOURCE;
				MTL_FAST_MATH = YES;
				ONLY_ACTIVE_ARCH = YES;
				SDKROOT = iphoneos;
				SWIFT_ACTIVE_COMPILATION_CONDITIONS = DEBUG;
				SWIFT_OPTIMIZATION_LEVEL = "-Onone";
			};
			name = Debug;
		};
		97BBC8B425D12576002CDE6F /* Release */ = {
			isa = XCBuildConfiguration;
			buildSettings = {
				ALWAYS_SEARCH_USER_PATHS = NO;
				CLANG_ANALYZER_NONNULL = YES;
				CLANG_ANALYZER_NUMBER_OBJECT_CONVERSION = YES_AGGRESSIVE;
				CLANG_CXX_LANGUAGE_STANDARD = "gnu++14";
				CLANG_CXX_LIBRARY = "libc++";
				CLANG_ENABLE_MODULES = YES;
				CLANG_ENABLE_OBJC_ARC = YES;
				CLANG_ENABLE_OBJC_WEAK = YES;
				CLANG_WARN_BLOCK_CAPTURE_AUTORELEASING = YES;
				CLANG_WARN_BOOL_CONVERSION = YES;
				CLANG_WARN_COMMA = YES;
				CLANG_WARN_CONSTANT_CONVERSION = YES;
				CLANG_WARN_DEPRECATED_OBJC_IMPLEMENTATIONS = YES;
				CLANG_WARN_DIRECT_OBJC_ISA_USAGE = YES_ERROR;
				CLANG_WARN_DOCUMENTATION_COMMENTS = YES;
				CLANG_WARN_EMPTY_BODY = YES;
				CLANG_WARN_ENUM_CONVERSION = YES;
				CLANG_WARN_INFINITE_RECURSION = YES;
				CLANG_WARN_INT_CONVERSION = YES;
				CLANG_WARN_NON_LITERAL_NULL_CONVERSION = YES;
				CLANG_WARN_OBJC_IMPLICIT_RETAIN_SELF = YES;
				CLANG_WARN_OBJC_LITERAL_CONVERSION = YES;
				CLANG_WARN_OBJC_ROOT_CLASS = YES_ERROR;
				CLANG_WARN_QUOTED_INCLUDE_IN_FRAMEWORK_HEADER = YES;
				CLANG_WARN_RANGE_LOOP_ANALYSIS = YES;
				CLANG_WARN_STRICT_PROTOTYPES = YES;
				CLANG_WARN_SUSPICIOUS_MOVE = YES;
				CLANG_WARN_UNGUARDED_AVAILABILITY = YES_AGGRESSIVE;
				CLANG_WARN_UNREACHABLE_CODE = YES;
				CLANG_WARN__DUPLICATE_METHOD_MATCH = YES;
				COPY_PHASE_STRIP = NO;
				DEBUG_INFORMATION_FORMAT = "dwarf-with-dsym";
				ENABLE_NS_ASSERTIONS = NO;
				ENABLE_STRICT_OBJC_MSGSEND = YES;
				GCC_C_LANGUAGE_STANDARD = gnu11;
				GCC_NO_COMMON_BLOCKS = YES;
				GCC_WARN_64_TO_32_BIT_CONVERSION = YES;
				GCC_WARN_ABOUT_RETURN_TYPE = YES_ERROR;
				GCC_WARN_UNDECLARED_SELECTOR = YES;
				GCC_WARN_UNINITIALIZED_AUTOS = YES_AGGRESSIVE;
				GCC_WARN_UNUSED_FUNCTION = YES;
				GCC_WARN_UNUSED_VARIABLE = YES;
				IPHONEOS_DEPLOYMENT_TARGET = 14.4;
				MTL_ENABLE_DEBUG_INFO = NO;
				MTL_FAST_MATH = YES;
				SDKROOT = iphoneos;
				SWIFT_COMPILATION_MODE = wholemodule;
				SWIFT_OPTIMIZATION_LEVEL = "-O";
				VALIDATE_PRODUCT = YES;
			};
			name = Release;
		};
		97BBC8B625D12576002CDE6F /* Debug */ = {
			isa = XCBuildConfiguration;
			buildSettings = {
				ASSETCATALOG_COMPILER_APPICON_NAME = AppIcon;
				ASSETCATALOG_COMPILER_GLOBAL_ACCENT_COLOR_NAME = AccentColor;
				CODE_SIGN_STYLE = Automatic;
				DEVELOPMENT_ASSET_PATHS = "\"myApp/Preview Content\"";
				DEVELOPMENT_TEAM = C89Y3B6NMY;
				ENABLE_PREVIEWS = YES;
				INFOPLIST_FILE = myApp/Info.plist;
				IPHONEOS_DEPLOYMENT_TARGET = 14.0;
				LD_RUNPATH_SEARCH_PATHS = (
					"$(inherited)",
					"@executable_path/Frameworks",
				);
				PRODUCT_BUNDLE_IDENTIFIER = com.hussain.myApp;
				PRODUCT_NAME = "$(TARGET_NAME)";
				SWIFT_VERSION = 5.0;
				TARGETED_DEVICE_FAMILY = "1,2";
			};
			name = Debug;
		};
		97BBC8B725D12576002CDE6F /* Release */ = {
			isa = XCBuildConfiguration;
			buildSettings = {
				ASSETCATALOG_COMPILER_APPICON_NAME = AppIcon;
				ASSETCATALOG_COMPILER_GLOBAL_ACCENT_COLOR_NAME = AccentColor;
				CODE_SIGN_STYLE = Automatic;
				DEVELOPMENT_ASSET_PATHS = "\"myApp/Preview Content\"";
				DEVELOPMENT_TEAM = C89Y3B6NMY;
				ENABLE_PREVIEWS = YES;
				INFOPLIST_FILE = myApp/Info.plist;
				IPHONEOS_DEPLOYMENT_TARGET = 14.0;
				LD_RUNPATH_SEARCH_PATHS = (
					"$(inherited)",
					"@executable_path/Frameworks",
				);
				PRODUCT_BUNDLE_IDENTIFIER = com.hussain.myApp;
				PRODUCT_NAME = "$(TARGET_NAME)";
				SWIFT_VERSION = 5.0;
				TARGETED_DEVICE_FAMILY = "1,2";
			};
			name = Release;
		};
/* End XCBuildConfiguration section */

/* Begin XCConfigurationList section */
		97BBC8A125D1256E002CDE6F /* Build configuration list for PBXProject "myApp" */ = {
			isa = XCConfigurationList;
			buildConfigurations = (
				97BBC8B325D12576002CDE6F /* Debug */,
				97BBC8B425D12576002CDE6F /* Release */,
			);
			defaultConfigurationIsVisible = 0;
			defaultConfigurationName = Release;
		};
		97BBC8B525D12576002CDE6F /* Build configuration list for PBXNativeTarget "myApp" */ = {
			isa = XCConfigurationList;
			buildConfigurations = (
				97BBC8B625D12576002CDE6F /* Debug */,
				97BBC8B725D12576002CDE6F /* Release */,
			);
			defaultConfigurationIsVisible = 0;
			defaultConfigurationName = Release;
		};
/* End XCConfigurationList section */

/* Begin XCRemoteSwiftPackageReference section */
		97BBC8C925D13070002CDE6F /* XCRemoteSwiftPackageReference "SDWebImageSwiftUI" */ = {
			isa = XCRemoteSwiftPackageReference;
			repositoryURL = "https://github.com/SDWebImage/SDWebImageSwiftUI";
			requirement = {
				kind = upToNextMajorVersion;
				minimumVersion = 1.5.0;
			};
		};
/* End XCRemoteSwiftPackageReference section */

/* Begin XCSwiftPackageProductDependency section */
		97BBC8CA25D13070002CDE6F /* SDWebImageSwiftUI */ = {
			isa = XCSwiftPackageProductDependency;
			package = 97BBC8C925D13070002CDE6F /* XCRemoteSwiftPackageReference "SDWebImageSwiftUI" */;
			productName = SDWebImageSwiftUI;
		};
/* End XCSwiftPackageProductDependency section */
	};
	rootObject = 97BBC89E25D1256E002CDE6F /* Project object */;
}
